// !$*UTF8*$!
{
	archiveVersion = 1;
	classes = {
	};
	objectVersion = 48;
	objects = {

/* Begin PBXBuildFile section */
		3A8AADC91DF9B85E00A2B931 /* AppDelegate.swift in Sources */ = {isa = PBXBuildFile; fileRef = 3A8AADC81DF9B85E00A2B931 /* AppDelegate.swift */; };
		3A8AADCB1DF9B85E00A2B931 /* ViewController.swift in Sources */ = {isa = PBXBuildFile; fileRef = 3A8AADCA1DF9B85E00A2B931 /* ViewController.swift */; };
		3A8AADCE1DF9B85E00A2B931 /* Main.storyboard in Resources */ = {isa = PBXBuildFile; fileRef = 3A8AADCC1DF9B85E00A2B931 /* Main.storyboard */; };
		3A8AADD01DF9B85E00A2B931 /* Assets.xcassets in Resources */ = {isa = PBXBuildFile; fileRef = 3A8AADCF1DF9B85E00A2B931 /* Assets.xcassets */; };
		3A8AADD31DF9B85E00A2B931 /* LaunchScreen.storyboard in Resources */ = {isa = PBXBuildFile; fileRef = 3A8AADD11DF9B85E00A2B931 /* LaunchScreen.storyboard */; };
		AE204FA7238B365E00812BDD /* GenreListViewController.swift in Sources */ = {isa = PBXBuildFile; fileRef = AE204FA6238B365E00812BDD /* GenreListViewController.swift */; };
		AE204FA9238B379A00812BDD /* User.swift in Sources */ = {isa = PBXBuildFile; fileRef = AE204FA8238B379A00812BDD /* User.swift */; };
		AE204FAB238B4A6E00812BDD /* CertificationListViewController.swift in Sources */ = {isa = PBXBuildFile; fileRef = AE204FAA238B4A6E00812BDD /* CertificationListViewController.swift */; };
		AE204FAD238B4AC300812BDD /* PersonListViewController.swift in Sources */ = {isa = PBXBuildFile; fileRef = AE204FAC238B4AC300812BDD /* PersonListViewController.swift */; };
		AE204FAF238E17C300812BDD /* ResultsListViewController.swift in Sources */ = {isa = PBXBuildFile; fileRef = AE204FAE238E17C300812BDD /* ResultsListViewController.swift */; };
		AE21ECE62384E07B0075C45D /* HomeViewController.swift in Sources */ = {isa = PBXBuildFile; fileRef = AE21ECE52384E07B0075C45D /* HomeViewController.swift */; };
		AE21ECEA238652DC0075C45D /* APIClient.swift in Sources */ = {isa = PBXBuildFile; fileRef = AE21ECE9238652DB0075C45D /* APIClient.swift */; };
		AE21ECEE238654A20075C45D /* Endpoint.swift in Sources */ = {isa = PBXBuildFile; fileRef = AE21ECED238654A20075C45D /* Endpoint.swift */; };
		AE21ECF02386DCA90075C45D /* MovieNight.swift in Sources */ = {isa = PBXBuildFile; fileRef = AE21ECEF2386DCA90075C45D /* MovieNight.swift */; };
		AE21ECF2238714280075C45D /* MovieNightClient.swift in Sources */ = {isa = PBXBuildFile; fileRef = AE21ECF1238714280075C45D /* MovieNightClient.swift */; };
		AE21ECF523871BCC0075C45D /* Movie.swift in Sources */ = {isa = PBXBuildFile; fileRef = AE21ECF423871BCC0075C45D /* Movie.swift */; };
		AE21ECF723871D9B0075C45D /* Genre.swift in Sources */ = {isa = PBXBuildFile; fileRef = AE21ECF623871D9B0075C45D /* Genre.swift */; };
		AE21ECF923871DDA0075C45D /* Certification.swift in Sources */ = {isa = PBXBuildFile; fileRef = AE21ECF823871DDA0075C45D /* Certification.swift */; };
		AE21ECFB23871E4B0075C45D /* Person.swift in Sources */ = {isa = PBXBuildFile; fileRef = AE21ECFA23871E4B0075C45D /* Person.swift */; };
		AE56D9AC238EBD4500D31171 /* MovieDetailViewController.swift in Sources */ = {isa = PBXBuildFile; fileRef = AE56D9AB238EBD4500D31171 /* MovieDetailViewController.swift */; };
		AE56D9B1238F67F600D31171 /* UIColor.swift in Sources */ = {isa = PBXBuildFile; fileRef = AE56D9B0238F67F600D31171 /* UIColor.swift */; };
		AE56D9B4238F745800D31171 /* Alertable.swift in Sources */ = {isa = PBXBuildFile; fileRef = AE56D9B3238F745800D31171 /* Alertable.swift */; };
		AE56D9B6238F7FF600D31171 /* GenreListDataSource.swift in Sources */ = {isa = PBXBuildFile; fileRef = AE56D9B5238F7FF600D31171 /* GenreListDataSource.swift */; };
		AE56D9B8238F83E900D31171 /* CertificationListDataSource.swift in Sources */ = {isa = PBXBuildFile; fileRef = AE56D9B7238F83E900D31171 /* CertificationListDataSource.swift */; };
		AE56D9BA238F87DF00D31171 /* PersonListDataSource.swift in Sources */ = {isa = PBXBuildFile; fileRef = AE56D9B9238F87DF00D31171 /* PersonListDataSource.swift */; };
		AE56D9BC238F8D4600D31171 /* ResultListDataSource.swift in Sources */ = {isa = PBXBuildFile; fileRef = AE56D9BB238F8D4600D31171 /* ResultListDataSource.swift */; };
/* End PBXBuildFile section */

/* Begin PBXFileReference section */
		3A8AADC51DF9B85E00A2B931 /* Movie Night App.app */ = {isa = PBXFileReference; explicitFileType = wrapper.application; includeInIndex = 0; path = "Movie Night App.app"; sourceTree = BUILT_PRODUCTS_DIR; };
		3A8AADC81DF9B85E00A2B931 /* AppDelegate.swift */ = {isa = PBXFileReference; lastKnownFileType = sourcecode.swift; path = AppDelegate.swift; sourceTree = "<group>"; };
		3A8AADCA1DF9B85E00A2B931 /* ViewController.swift */ = {isa = PBXFileReference; lastKnownFileType = sourcecode.swift; path = ViewController.swift; sourceTree = "<group>"; };
		3A8AADCD1DF9B85E00A2B931 /* Base */ = {isa = PBXFileReference; lastKnownFileType = file.storyboard; name = Base; path = Base.lproj/Main.storyboard; sourceTree = "<group>"; };
		3A8AADCF1DF9B85E00A2B931 /* Assets.xcassets */ = {isa = PBXFileReference; lastKnownFileType = folder.assetcatalog; path = Assets.xcassets; sourceTree = "<group>"; };
		3A8AADD21DF9B85E00A2B931 /* Base */ = {isa = PBXFileReference; lastKnownFileType = file.storyboard; name = Base; path = Base.lproj/LaunchScreen.storyboard; sourceTree = "<group>"; };
		3A8AADD41DF9B85E00A2B931 /* Info.plist */ = {isa = PBXFileReference; lastKnownFileType = text.plist.xml; path = Info.plist; sourceTree = "<group>"; };
		AE204FA6238B365E00812BDD /* GenreListViewController.swift */ = {isa = PBXFileReference; lastKnownFileType = sourcecode.swift; path = GenreListViewController.swift; sourceTree = "<group>"; };
		AE204FA8238B379A00812BDD /* User.swift */ = {isa = PBXFileReference; lastKnownFileType = sourcecode.swift; path = User.swift; sourceTree = "<group>"; };
		AE204FAA238B4A6E00812BDD /* CertificationListViewController.swift */ = {isa = PBXFileReference; lastKnownFileType = sourcecode.swift; path = CertificationListViewController.swift; sourceTree = "<group>"; };
		AE204FAC238B4AC300812BDD /* PersonListViewController.swift */ = {isa = PBXFileReference; lastKnownFileType = sourcecode.swift; path = PersonListViewController.swift; sourceTree = "<group>"; };
		AE204FAE238E17C300812BDD /* ResultsListViewController.swift */ = {isa = PBXFileReference; lastKnownFileType = sourcecode.swift; path = ResultsListViewController.swift; sourceTree = "<group>"; };
		AE21ECE52384E07B0075C45D /* HomeViewController.swift */ = {isa = PBXFileReference; lastKnownFileType = sourcecode.swift; path = HomeViewController.swift; sourceTree = "<group>"; };
		AE21ECE9238652DB0075C45D /* APIClient.swift */ = {isa = PBXFileReference; lastKnownFileType = sourcecode.swift; path = APIClient.swift; sourceTree = "<group>"; };
		AE21ECED238654A20075C45D /* Endpoint.swift */ = {isa = PBXFileReference; lastKnownFileType = sourcecode.swift; path = Endpoint.swift; sourceTree = "<group>"; };
		AE21ECEF2386DCA90075C45D /* MovieNight.swift */ = {isa = PBXFileReference; lastKnownFileType = sourcecode.swift; path = MovieNight.swift; sourceTree = "<group>"; };
		AE21ECF1238714280075C45D /* MovieNightClient.swift */ = {isa = PBXFileReference; lastKnownFileType = sourcecode.swift; path = MovieNightClient.swift; sourceTree = "<group>"; };
		AE21ECF423871BCC0075C45D /* Movie.swift */ = {isa = PBXFileReference; lastKnownFileType = sourcecode.swift; path = Movie.swift; sourceTree = "<group>"; };
		AE21ECF623871D9B0075C45D /* Genre.swift */ = {isa = PBXFileReference; lastKnownFileType = sourcecode.swift; path = Genre.swift; sourceTree = "<group>"; };
		AE21ECF823871DDA0075C45D /* Certification.swift */ = {isa = PBXFileReference; lastKnownFileType = sourcecode.swift; path = Certification.swift; sourceTree = "<group>"; };
		AE21ECFA23871E4B0075C45D /* Person.swift */ = {isa = PBXFileReference; lastKnownFileType = sourcecode.swift; path = Person.swift; sourceTree = "<group>"; };
		AE56D9AB238EBD4500D31171 /* MovieDetailViewController.swift */ = {isa = PBXFileReference; lastKnownFileType = sourcecode.swift; path = MovieDetailViewController.swift; sourceTree = "<group>"; };
		AE56D9B0238F67F600D31171 /* UIColor.swift */ = {isa = PBXFileReference; lastKnownFileType = sourcecode.swift; path = UIColor.swift; sourceTree = "<group>"; };
		AE56D9B3238F745800D31171 /* Alertable.swift */ = {isa = PBXFileReference; lastKnownFileType = sourcecode.swift; path = Alertable.swift; sourceTree = "<group>"; };
		AE56D9B5238F7FF600D31171 /* GenreListDataSource.swift */ = {isa = PBXFileReference; lastKnownFileType = sourcecode.swift; path = GenreListDataSource.swift; sourceTree = "<group>"; };
		AE56D9B7238F83E900D31171 /* CertificationListDataSource.swift */ = {isa = PBXFileReference; lastKnownFileType = sourcecode.swift; path = CertificationListDataSource.swift; sourceTree = "<group>"; };
		AE56D9B9238F87DF00D31171 /* PersonListDataSource.swift */ = {isa = PBXFileReference; lastKnownFileType = sourcecode.swift; path = PersonListDataSource.swift; sourceTree = "<group>"; };
		AE56D9BB238F8D4600D31171 /* ResultListDataSource.swift */ = {isa = PBXFileReference; lastKnownFileType = sourcecode.swift; path = ResultListDataSource.swift; sourceTree = "<group>"; };
/* End PBXFileReference section */

/* Begin PBXFrameworksBuildPhase section */
		3A8AADC21DF9B85E00A2B931 /* Frameworks */ = {
			isa = PBXFrameworksBuildPhase;
			buildActionMask = 2147483647;
			files = (
			);
			runOnlyForDeploymentPostprocessing = 0;
		};
/* End PBXFrameworksBuildPhase section */

/* Begin PBXGroup section */
		3A8AADBC1DF9B85E00A2B931 = {
			isa = PBXGroup;
			children = (
				3A8AADC71DF9B85E00A2B931 /* SingleViewAppSwiftTemplate */,
				3A8AADC61DF9B85E00A2B931 /* Products */,
			);
			sourceTree = "<group>";
		};
		3A8AADC61DF9B85E00A2B931 /* Products */ = {
			isa = PBXGroup;
			children = (
				3A8AADC51DF9B85E00A2B931 /* Movie Night App.app */,
			);
			name = Products;
			sourceTree = "<group>";
		};
		3A8AADC71DF9B85E00A2B931 /* SingleViewAppSwiftTemplate */ = {
			isa = PBXGroup;
			children = (
				AE56D9B2238F73DB00D31171 /* Protocols */,
				AE56D9AD238F676900D31171 /* Extensions */,
				AE21ECF323871BBF0075C45D /* Models */,
				AE56D9AF238F678B00D31171 /* View Models */,
				AE21ECE82384EA940075C45D /* Networking */,
				AE21ECE72384EA860075C45D /* Controllers */,
				AE56D9AE238F677400D31171 /* Data Sources */,
				3A8AADCC1DF9B85E00A2B931 /* Main.storyboard */,
				3A8AADCF1DF9B85E00A2B931 /* Assets.xcassets */,
				3A8AADC81DF9B85E00A2B931 /* AppDelegate.swift */,
				3A8AADD11DF9B85E00A2B931 /* LaunchScreen.storyboard */,
				3A8AADD41DF9B85E00A2B931 /* Info.plist */,
			);
			path = SingleViewAppSwiftTemplate;
			sourceTree = "<group>";
		};
		AE21ECE72384EA860075C45D /* Controllers */ = {
			isa = PBXGroup;
			children = (
				3A8AADCA1DF9B85E00A2B931 /* ViewController.swift */,
				AE21ECE52384E07B0075C45D /* HomeViewController.swift */,
				AE204FA6238B365E00812BDD /* GenreListViewController.swift */,
				AE204FAA238B4A6E00812BDD /* CertificationListViewController.swift */,
				AE204FAC238B4AC300812BDD /* PersonListViewController.swift */,
				AE204FAE238E17C300812BDD /* ResultsListViewController.swift */,
				AE56D9AB238EBD4500D31171 /* MovieDetailViewController.swift */,
			);
			path = Controllers;
			sourceTree = "<group>";
		};
		AE21ECE82384EA940075C45D /* Networking */ = {
			isa = PBXGroup;
			children = (
				AE21ECED238654A20075C45D /* Endpoint.swift */,
				AE21ECEF2386DCA90075C45D /* MovieNight.swift */,
				AE21ECE9238652DB0075C45D /* APIClient.swift */,
				AE21ECF1238714280075C45D /* MovieNightClient.swift */,
			);
			path = Networking;
			sourceTree = "<group>";
		};
		AE21ECF323871BBF0075C45D /* Models */ = {
			isa = PBXGroup;
			children = (
				AE21ECF423871BCC0075C45D /* Movie.swift */,
				AE21ECF623871D9B0075C45D /* Genre.swift */,
				AE21ECF823871DDA0075C45D /* Certification.swift */,
				AE21ECFA23871E4B0075C45D /* Person.swift */,
				AE204FA8238B379A00812BDD /* User.swift */,
			);
			path = Models;
			sourceTree = "<group>";
		};
		AE56D9AD238F676900D31171 /* Extensions */ = {
			isa = PBXGroup;
			children = (
				AE56D9B0238F67F600D31171 /* UIColor.swift */,
			);
			path = Extensions;
			sourceTree = "<group>";
		};
		AE56D9AE238F677400D31171 /* Data Sources */ = {
			isa = PBXGroup;
			children = (
				AE56D9B5238F7FF600D31171 /* GenreListDataSource.swift */,
				AE56D9B7238F83E900D31171 /* CertificationListDataSource.swift */,
				AE56D9B9238F87DF00D31171 /* PersonListDataSource.swift */,
				AE56D9BB238F8D4600D31171 /* ResultListDataSource.swift */,
			);
			path = "Data Sources";
			sourceTree = "<group>";
		};
		AE56D9AF238F678B00D31171 /* View Models */ = {
			isa = PBXGroup;
			children = (
			);
			path = "View Models";
			sourceTree = "<group>";
		};
		AE56D9B2238F73DB00D31171 /* Protocols */ = {
			isa = PBXGroup;
			children = (
				AE56D9B3238F745800D31171 /* Alertable.swift */,
			);
			path = Protocols;
			sourceTree = "<group>";
		};
/* End PBXGroup section */

/* Begin PBXNativeTarget section */
		3A8AADC41DF9B85E00A2B931 /* Movie Night App */ = {
			isa = PBXNativeTarget;
			buildConfigurationList = 3A8AADED1DF9B85E00A2B931 /* Build configuration list for PBXNativeTarget "Movie Night App" */;
			buildPhases = (
				3A8AADC11DF9B85E00A2B931 /* Sources */,
				3A8AADC21DF9B85E00A2B931 /* Frameworks */,
				3A8AADC31DF9B85E00A2B931 /* Resources */,
			);
			buildRules = (
			);
			dependencies = (
			);
			name = "Movie Night App";
			productName = SingleViewAppSwiftTemplate;
			productReference = 3A8AADC51DF9B85E00A2B931 /* Movie Night App.app */;
			productType = "com.apple.product-type.application";
		};
/* End PBXNativeTarget section */

/* Begin PBXProject section */
		3A8AADBD1DF9B85E00A2B931 /* Project object */ = {
			isa = PBXProject;
			attributes = {
				LastSwiftUpdateCheck = 0810;
				LastUpgradeCheck = 1110;
				ORGANIZATIONNAME = Treehouse;
				TargetAttributes = {
					3A8AADC41DF9B85E00A2B931 = {
						CreatedOnToolsVersion = 8.1;
						LastSwiftMigration = 1110;
						ProvisioningStyle = Automatic;
					};
				};
			};
			buildConfigurationList = 3A8AADC01DF9B85E00A2B931 /* Build configuration list for PBXProject "Movie Night App" */;
			compatibilityVersion = "Xcode 8.0";
			developmentRegion = en;
			hasScannedForEncodings = 0;
			knownRegions = (
				en,
				Base,
			);
			mainGroup = 3A8AADBC1DF9B85E00A2B931;
			productRefGroup = 3A8AADC61DF9B85E00A2B931 /* Products */;
			projectDirPath = "";
			projectRoot = "";
			targets = (
				3A8AADC41DF9B85E00A2B931 /* Movie Night App */,
			);
		};
/* End PBXProject section */

/* Begin PBXResourcesBuildPhase section */
		3A8AADC31DF9B85E00A2B931 /* Resources */ = {
			isa = PBXResourcesBuildPhase;
			buildActionMask = 2147483647;
			files = (
				3A8AADD31DF9B85E00A2B931 /* LaunchScreen.storyboard in Resources */,
				3A8AADD01DF9B85E00A2B931 /* Assets.xcassets in Resources */,
				3A8AADCE1DF9B85E00A2B931 /* Main.storyboard in Resources */,
			);
			runOnlyForDeploymentPostprocessing = 0;
		};
/* End PBXResourcesBuildPhase section */

/* Begin PBXSourcesBuildPhase section */
		3A8AADC11DF9B85E00A2B931 /* Sources */ = {
			isa = PBXSourcesBuildPhase;
			buildActionMask = 2147483647;
			files = (
				AE204FA9238B379A00812BDD /* User.swift in Sources */,
				AE21ECF723871D9B0075C45D /* Genre.swift in Sources */,
				AE56D9B8238F83E900D31171 /* CertificationListDataSource.swift in Sources */,
				3A8AADCB1DF9B85E00A2B931 /* ViewController.swift in Sources */,
				AE21ECF923871DDA0075C45D /* Certification.swift in Sources */,
				AE21ECF523871BCC0075C45D /* Movie.swift in Sources */,
				AE21ECFB23871E4B0075C45D /* Person.swift in Sources */,
				AE56D9AC238EBD4500D31171 /* MovieDetailViewController.swift in Sources */,
				AE21ECF2238714280075C45D /* MovieNightClient.swift in Sources */,
				AE204FAF238E17C300812BDD /* ResultsListViewController.swift in Sources */,
				AE204FAB238B4A6E00812BDD /* CertificationListViewController.swift in Sources */,
				3A8AADC91DF9B85E00A2B931 /* AppDelegate.swift in Sources */,
				AE56D9B4238F745800D31171 /* Alertable.swift in Sources */,
				AE56D9BA238F87DF00D31171 /* PersonListDataSource.swift in Sources */,
				AE56D9BC238F8D4600D31171 /* ResultListDataSource.swift in Sources */,
				AE56D9B6238F7FF600D31171 /* GenreListDataSource.swift in Sources */,
				AE21ECE62384E07B0075C45D /* HomeViewController.swift in Sources */,
				AE204FA7238B365E00812BDD /* GenreListViewController.swift in Sources */,
				AE56D9B1238F67F600D31171 /* UIColor.swift in Sources */,
				AE21ECEE238654A20075C45D /* Endpoint.swift in Sources */,
				AE204FAD238B4AC300812BDD /* PersonListViewController.swift in Sources */,
				AE21ECF02386DCA90075C45D /* MovieNight.swift in Sources */,
				AE21ECEA238652DC0075C45D /* APIClient.swift in Sources */,
			);
			runOnlyForDeploymentPostprocessing = 0;
		};
/* End PBXSourcesBuildPhase section */

/* Begin PBXVariantGroup section */
		3A8AADCC1DF9B85E00A2B931 /* Main.storyboard */ = {
			isa = PBXVariantGroup;
			children = (
				3A8AADCD1DF9B85E00A2B931 /* Base */,
			);
			name = Main.storyboard;
			sourceTree = "<group>";
		};
		3A8AADD11DF9B85E00A2B931 /* LaunchScreen.storyboard */ = {
			isa = PBXVariantGroup;
			children = (
				3A8AADD21DF9B85E00A2B931 /* Base */,
			);
			name = LaunchScreen.storyboard;
			sourceTree = "<group>";
		};
/* End PBXVariantGroup section */

/* Begin XCBuildConfiguration section */
		3A8AADEB1DF9B85E00A2B931 /* Debug */ = {
			isa = XCBuildConfiguration;
			buildSettings = {
				ALWAYS_SEARCH_USER_PATHS = NO;
				CLANG_ANALYZER_LOCALIZABILITY_NONLOCALIZED = YES;
				CLANG_ANALYZER_NONNULL = YES;
				CLANG_CXX_LANGUAGE_STANDARD = "gnu++0x";
				CLANG_CXX_LIBRARY = "libc++";
				CLANG_ENABLE_MODULES = YES;
				CLANG_ENABLE_OBJC_ARC = YES;
				CLANG_WARN_BLOCK_CAPTURE_AUTORELEASING = YES;
				CLANG_WARN_BOOL_CONVERSION = YES;
				CLANG_WARN_COMMA = YES;
				CLANG_WARN_CONSTANT_CONVERSION = YES;
				CLANG_WARN_DEPRECATED_OBJC_IMPLEMENTATIONS = YES;
				CLANG_WARN_DIRECT_OBJC_ISA_USAGE = YES_ERROR;
				CLANG_WARN_DOCUMENTATION_COMMENTS = YES;
				CLANG_WARN_EMPTY_BODY = YES;
				CLANG_WARN_ENUM_CONVERSION = YES;
				CLANG_WARN_INFINITE_RECURSION = YES;
				CLANG_WARN_INT_CONVERSION = YES;
				CLANG_WARN_NON_LITERAL_NULL_CONVERSION = YES;
				CLANG_WARN_OBJC_IMPLICIT_RETAIN_SELF = YES;
				CLANG_WARN_OBJC_LITERAL_CONVERSION = YES;
				CLANG_WARN_OBJC_ROOT_CLASS = YES_ERROR;
				CLANG_WARN_RANGE_LOOP_ANALYSIS = YES;
				CLANG_WARN_STRICT_PROTOTYPES = YES;
				CLANG_WARN_SUSPICIOUS_MOVE = YES;
				CLANG_WARN_SUSPICIOUS_MOVES = YES;
				CLANG_WARN_UNREACHABLE_CODE = YES;
				CLANG_WARN__DUPLICATE_METHOD_MATCH = YES;
				"CODE_SIGN_IDENTITY[sdk=iphoneos*]" = "iPhone Developer";
				COPY_PHASE_STRIP = NO;
				DEBUG_INFORMATION_FORMAT = dwarf;
				ENABLE_STRICT_OBJC_MSGSEND = YES;
				ENABLE_TESTABILITY = YES;
				GCC_C_LANGUAGE_STANDARD = gnu99;
				GCC_DYNAMIC_NO_PIC = NO;
				GCC_NO_COMMON_BLOCKS = YES;
				GCC_OPTIMIZATION_LEVEL = 0;
				GCC_PREPROCESSOR_DEFINITIONS = (
					"DEBUG=1",
					"$(inherited)",
				);
				GCC_WARN_64_TO_32_BIT_CONVERSION = YES;
				GCC_WARN_ABOUT_RETURN_TYPE = YES_ERROR;
				GCC_WARN_UNDECLARED_SELECTOR = YES;
				GCC_WARN_UNINITIALIZED_AUTOS = YES_AGGRESSIVE;
				GCC_WARN_UNUSED_FUNCTION = YES;
				GCC_WARN_UNUSED_VARIABLE = YES;
				IPHONEOS_DEPLOYMENT_TARGET = 10.1;
				MTL_ENABLE_DEBUG_INFO = YES;
				ONLY_ACTIVE_ARCH = YES;
				SDKROOT = iphoneos;
				SWIFT_ACTIVE_COMPILATION_CONDITIONS = DEBUG;
				SWIFT_OPTIMIZATION_LEVEL = "-Onone";
				SWIFT_VERSION = 4.0;
			};
			name = Debug;
		};
		3A8AADEC1DF9B85E00A2B931 /* Release */ = {
			isa = XCBuildConfiguration;
			buildSettings = {
				ALWAYS_SEARCH_USER_PATHS = NO;
				CLANG_ANALYZER_LOCALIZABILITY_NONLOCALIZED = YES;
				CLANG_ANALYZER_NONNULL = YES;
				CLANG_CXX_LANGUAGE_STANDARD = "gnu++0x";
				CLANG_CXX_LIBRARY = "libc++";
				CLANG_ENABLE_MODULES = YES;
				CLANG_ENABLE_OBJC_ARC = YES;
				CLANG_WARN_BLOCK_CAPTURE_AUTORELEASING = YES;
				CLANG_WARN_BOOL_CONVERSION = YES;
				CLANG_WARN_COMMA = YES;
				CLANG_WARN_CONSTANT_CONVERSION = YES;
				CLANG_WARN_DEPRECATED_OBJC_IMPLEMENTATIONS = YES;
				CLANG_WARN_DIRECT_OBJC_ISA_USAGE = YES_ERROR;
				CLANG_WARN_DOCUMENTATION_COMMENTS = YES;
				CLANG_WARN_EMPTY_BODY = YES;
				CLANG_WARN_ENUM_CONVERSION = YES;
				CLANG_WARN_INFINITE_RECURSION = YES;
				CLANG_WARN_INT_CONVERSION = YES;
				CLANG_WARN_NON_LITERAL_NULL_CONVERSION = YES;
				CLANG_WARN_OBJC_IMPLICIT_RETAIN_SELF = YES;
				CLANG_WARN_OBJC_LITERAL_CONVERSION = YES;
				CLANG_WARN_OBJC_ROOT_CLASS = YES_ERROR;
				CLANG_WARN_RANGE_LOOP_ANALYSIS = YES;
				CLANG_WARN_STRICT_PROTOTYPES = YES;
				CLANG_WARN_SUSPICIOUS_MOVE = YES;
				CLANG_WARN_SUSPICIOUS_MOVES = YES;
				CLANG_WARN_UNREACHABLE_CODE = YES;
				CLANG_WARN__DUPLICATE_METHOD_MATCH = YES;
				"CODE_SIGN_IDENTITY[sdk=iphoneos*]" = "iPhone Developer";
				COPY_PHASE_STRIP = NO;
				DEBUG_INFORMATION_FORMAT = "dwarf-with-dsym";
				ENABLE_NS_ASSERTIONS = NO;
				ENABLE_STRICT_OBJC_MSGSEND = YES;
				GCC_C_LANGUAGE_STANDARD = gnu99;
				GCC_NO_COMMON_BLOCKS = YES;
				GCC_WARN_64_TO_32_BIT_CONVERSION = YES;
				GCC_WARN_ABOUT_RETURN_TYPE = YES_ERROR;
				GCC_WARN_UNDECLARED_SELECTOR = YES;
				GCC_WARN_UNINITIALIZED_AUTOS = YES_AGGRESSIVE;
				GCC_WARN_UNUSED_FUNCTION = YES;
				GCC_WARN_UNUSED_VARIABLE = YES;
				IPHONEOS_DEPLOYMENT_TARGET = 10.1;
				MTL_ENABLE_DEBUG_INFO = NO;
				SDKROOT = iphoneos;
				SWIFT_OPTIMIZATION_LEVEL = "-Owholemodule";
				SWIFT_VERSION = 4.0;
				VALIDATE_PRODUCT = YES;
			};
			name = Release;
		};
		3A8AADEE1DF9B85E00A2B931 /* Debug */ = {
			isa = XCBuildConfiguration;
			buildSettings = {
				ASSETCATALOG_COMPILER_APPICON_NAME = AppIcon;
				INFOPLIST_FILE = SingleViewAppSwiftTemplate/Info.plist;
				LD_RUNPATH_SEARCH_PATHS = "$(inherited) @executable_path/Frameworks";
				PRODUCT_BUNDLE_IDENTIFIER = com.teamtreehouse.SingleViewAppSwiftTemplate;
				PRODUCT_NAME = "$(TARGET_NAME)";
				SWIFT_VERSION = 5.0;
			};
			name = Debug;
		};
		3A8AADEF1DF9B85E00A2B931 /* Release */ = {
			isa = XCBuildConfiguration;
			buildSettings = {
				ASSETCATALOG_COMPILER_APPICON_NAME = AppIcon;
				INFOPLIST_FILE = SingleViewAppSwiftTemplate/Info.plist;
				LD_RUNPATH_SEARCH_PATHS = "$(inherited) @executable_path/Frameworks";
				PRODUCT_BUNDLE_IDENTIFIER = com.teamtreehouse.SingleViewAppSwiftTemplate;
				PRODUCT_NAME = "$(TARGET_NAME)";
				SWIFT_VERSION = 5.0;
			};
			name = Release;
		};
/* End XCBuildConfiguration section */

/* Begin XCConfigurationList section */
		3A8AADC01DF9B85E00A2B931 /* Build configuration list for PBXProject "Movie Night App" */ = {
			isa = XCConfigurationList;
			buildConfigurations = (
				3A8AADEB1DF9B85E00A2B931 /* Debug */,
				3A8AADEC1DF9B85E00A2B931 /* Release */,
			);
			defaultConfigurationIsVisible = 0;
			defaultConfigurationName = Release;
		};
		3A8AADED1DF9B85E00A2B931 /* Build configuration list for PBXNativeTarget "Movie Night App" */ = {
			isa = XCConfigurationList;
			buildConfigurations = (
				3A8AADEE1DF9B85E00A2B931 /* Debug */,
				3A8AADEF1DF9B85E00A2B931 /* Release */,
			);
			defaultConfigurationIsVisible = 0;
			defaultConfigurationName = Release;
		};
/* End XCConfigurationList section */
	};
	rootObject = 3A8AADBD1DF9B85E00A2B931 /* Project object */;
}
